
Microsoft Visual Studio Solution File, Format Version 12.00
# Visual Studio Version 18
VisualStudioVersion = 18.1.11304.174
MinimumVisualStudioVersion = 10.0.40219.1
Project("{FAE04EC0-301F-11D3-BF4B-00C04F79EFBC}") = "2025-11-08", "2025-11-08\2025-11-08.csproj", "{E46FCA46-A770-4657-B667-A854D61741CB}"
EndProject
Project("{FAE04EC0-301F-11D3-BF4B-00C04F79EFBC}") = "2025-11-10", "2025-11-10\2025-11-10.csproj", "{DC399073-ACD4-463A-A146-D41C4186B1AE}"
EndProject
Project("{FAE04EC0-301F-11D3-BF4B-00C04F79EFBC}") = "2025-11-11", "2025-11-11\2025-11-11.csproj", "{17C76A7D-AEE5-40FD-B8D6-EBABC89565F8}"
EndProject
Project("{FAE04EC0-301F-11D3-BF4B-00C04F79EFBC}") = "2025-11-12", "2025-11-12\2025-11-12.csproj", "{0C85881C-3E95-4CC5-A281-3FF1E19A0758}"
EndProject
Project("{FAE04EC0-301F-11D3-BF4B-00C04F79EFBC}") = "2025-11-13", "2025-11-13\2025-11-13.csproj", "{40EF5461-7B2D-4D75-A47F-B4226C9A1A04}"
EndProject
Project("{FAE04EC0-301F-11D3-BF4B-00C04F79EFBC}") = "2025-11-14", "2025-11-14\2025-11-14.csproj", "{98DEE998-FB12-4800-89B4-A20F635F7DFC}"
EndProject
Project("{FAE04EC0-301F-11D3-BF4B-00C04F79EFBC}") = "2025-11-15", "2025-11-15\2025-11-15.csproj", "{D054365F-E970-4276-B084-6825889265CD}"
EndProject
Project("{FAE04EC0-301F-11D3-BF4B-00C04F79EFBC}") = "2025-11-17", "2025-11-17\2025-11-17.csproj", "{2BECEE34-75CD-44A7-98D9-4682ED14B9A7}"
EndProject
Project("{FAE04EC0-301F-11D3-BF4B-00C04F79EFBC}") = "2025-11-18", "2025-11-18\2025-11-18.csproj", "{93084D21-84A4-49CC-A9DB-A1C3381058B3}"
EndProject
Project("{FAE04EC0-301F-11D3-BF4B-00C04F79EFBC}") = "2025-11-19", "2025-11-19\2025-11-19.csproj", "{849297C2-4298-4D51-BD8D-11A71603CF81}"
EndProject
Project("{FAE04EC0-301F-11D3-BF4B-00C04F79EFBC}") = "2025-11-19(dll)", "2025-11-19(dll)\2025-11-19(dll).csproj", "{6589A28A-242E-457E-A928-A1760E7EAFB2}"
EndProject
Project("{FAE04EC0-301F-11D3-BF4B-00C04F79EFBC}") = "2025-11-20", "2025-11-20\2025-11-20.csproj", "{87FDEDDA-CD26-4842-A45C-28B48E4F55A5}"
EndProject
Project("{FAE04EC0-301F-11D3-BF4B-00C04F79EFBC}") = "2025-11-21", "2025-11-21\2025-11-21.csproj", "{D37D42FB-F188-4A50-9541-7408346D2A17}"
EndProject
Project("{FAE04EC0-301F-11D3-BF4B-00C04F79EFBC}") = "2025-11-24", "2025-11-24\2025-11-24.csproj", "{8A9BD767-3EF6-4C5E-B673-05FDACEB99BD}"
EndProject
Project("{FAE04EC0-301F-11D3-BF4B-00C04F79EFBC}") = "2025-11-24(2)", "2025-11-24(2)\2025-11-24(2).csproj", "{2D935057-295A-41F0-A7F5-D8629D6C0E96}"
EndProject
Project("{FAE04EC0-301F-11D3-BF4B-00C04F79EFBC}") = "2025-11-25", "2025-11-25\2025-11-25.csproj", "{FC735FB7-92F8-4FAF-BCEF-13519F614329}"
EndProject
Project("{FAE04EC0-301F-11D3-BF4B-00C04F79EFBC}") = "2025-11-27", "2025-11-27\2025-11-27.csproj", "{3F8E76CC-CD06-469D-BA30-CCB7ED0F817D}"
EndProject
Project("{FAE04EC0-301F-11D3-BF4B-00C04F79EFBC}") = "2025-11-28", "2025-11-28\2025-11-28.csproj", "{F60578D5-33FC-467E-A1D2-0FA906D7E1F5}"
EndProject
Project("{FAE04EC0-301F-11D3-BF4B-00C04F79EFBC}") = "2025-11-28(2)", "2025-11-28(2)\2025-11-28(2).csproj", "{53AC51AA-46C3-4B94-90D7-4D838959F552}"
EndProject
Project("{2150E333-8FDC-42A3-9474-1A3956D46DE8}") = "11月", "11月", "{02EA681E-C7D8-13C7-8484-4AC65E1B71E8}"
EndProject
Project("{2150E333-8FDC-42A3-9474-1A3956D46DE8}") = "12月", "12月", "{99D442FE-D847-42E6-B3F4-1FCEE8148916}"
EndProject
Project("{FAE04EC0-301F-11D3-BF4B-00C04F79EFBC}") = "Xml序列化", "2025-12-01\Xml序列化.csproj", "{FA2D1E6D-BC17-48E8-AB09-3FC63E462509}"
EndProject
Project("{FAE04EC0-301F-11D3-BF4B-00C04F79EFBC}") = "文件文件夹路径", "2025-12-03\文件文件夹路径.csproj", "{CAC67A09-863D-4B98-A7F4-3B3BAD9093B7}"
EndProject
Project("{FAE04EC0-301F-11D3-BF4B-00C04F79EFBC}") = "ListView", "2025-12-04\ListView.csproj", "{E5F45E1E-D1ED-40A3-8212-C6DB2A89C17E}"
EndProject
Project("{FAE04EC0-301F-11D3-BF4B-00C04F79EFBC}") = "制作一个简单的操作记录ListView", "2025-12-04(2)\制作一个简单的操作记录ListView.csproj", "{4A653F59-0787-4645-AB1D-46EEF29B530B}"
EndProject
Project("{FAE04EC0-301F-11D3-BF4B-00C04F79EFBC}") = "使用Ini文件保存参数", "2025-12-05\使用Ini文件保存参数.csproj", "{9AE4FD7B-2A22-43F7-B007-530517C6095F}"
EndProject
Project("{FAE04EC0-301F-11D3-BF4B-00C04F79EFBC}") = "图表", "2025-12-05(2)\图表.csproj", "{5EB37A55-188C-45F3-9C8D-70DDEEAC06A6}"
EndProject
Project("{FAE04EC0-301F-11D3-BF4B-00C04F79EFBC}") = "窗体内部塞窗体", "2025-12-08\窗体内部塞窗体.csproj", "{3B47B304-AE7F-4C3E-88FC-AB23ED2F0152}"
EndProject
Project("{FAE04EC0-301F-11D3-BF4B-00C04F79EFBC}") = "2025-12-08练习", "2025-12-08(2)\2025-12-08练习.csproj", "{FF6EE56B-D979-4D31-9E9E-892272B185AF}"
EndProject
Project("{FAE04EC0-301F-11D3-BF4B-00C04F79EFBC}") = "GDI绘图", "2025-12-09\GDI绘图.csproj", "{3A0C5852-C3A7-40AF-9AE0-515A6C1DFA6D}"
EndProject
Project("{FAE04EC0-301F-11D3-BF4B-00C04F79EFBC}") = "图形变换", "2025-12-10\图形变换.csproj", "{0CF47B47-EEED-461C-A9F6-904BB241B143}"
EndProject
Project("{FAE04EC0-301F-11D3-BF4B-00C04F79EFBC}") = "绘制正弦波", "2025-12-10(2)\绘制正弦波.csproj", "{DD5768A6-C9EA-4B0B-9E20-4C10958522E6}"
EndProject
Project("{FAE04EC0-301F-11D3-BF4B-00C04F79EFBC}") = "委托和线程", "2025-12-11\委托和线程.csproj", "{ED5F6A78-74A6-456A-A86E-F82B8E07EEC2}"
EndProject
Project("{FAE04EC0-301F-11D3-BF4B-00C04F79EFBC}") = "拓展方法&LINQ", "2025-12-12\拓展方法&LINQ.csproj", "{6818D4C5-06D0-4D0D-8CD7-57AB636F9C4A}"
EndProject
Project("{FAE04EC0-301F-11D3-BF4B-00C04F79EFBC}") = "Thread线程", "2025-12-13\Thread线程.csproj", "{73C8A096-F91C-4102-9B76-1C040B557225}"
EndProject
Project("{FAE04EC0-301F-11D3-BF4B-00C04F79EFBC}") = "线程的挂起继续终止", "2025-12-15\线程的挂起继续终止.csproj", "{3DD084DA-3049-4C37-81FE-B530D6D45E82}"
EndProject
Project("{FAE04EC0-301F-11D3-BF4B-00C04F79EFBC}") = "Task任务", "2025-12-15(2)\Task任务.csproj", "{645D9211-67F8-43F5-8A01-D5870C1BC7F8}"
EndProject
Project("{FAE04EC0-301F-11D3-BF4B-00C04F79EFBC}") = "Task取消和暂停", "2025-12-15(3)\Task取消和暂停.csproj", "{D0775CE5-506E-4A92-8FCA-59D0AAB0D0A8}"
EndProject
Project("{FAE04EC0-301F-11D3-BF4B-00C04F79EFBC}") = "Task任务的阻塞控制", "2025-12-16\Task任务的阻塞控制.csproj", "{D25EE5F7-F82E-454C-921E-FE79C518BF73}"
EndProject
Project("{FAE04EC0-301F-11D3-BF4B-00C04F79EFBC}") = "线程锁Lock", "2025-12-17\线程锁Lock.csproj", "{C29759BE-6AE6-4A5F-9310-CDB269EBF885}"
EndProject
Project("{FAE04EC0-301F-11D3-BF4B-00C04F79EFBC}") = "官方Lock案例", "2025-12-17(2)\官方Lock案例.csproj", "{92577AF3-7CAC-42BC-83D8-F77D1A3E0C76}"
EndProject
Project("{FAE04EC0-301F-11D3-BF4B-00C04F79EFBC}") = "await&async关键字", "2025-12-17(3)\await&async关键字.csproj", "{6D113525-C2EA-4D73-975B-72B0FE65E5FE}"
EndProject
Project("{FAE04EC0-301F-11D3-BF4B-00C04F79EFBC}") = "2025-12-17(4)", "2025-12-17(4)\2025-12-17(4).csproj", "{137D7FC7-5C60-453F-9060-367C7E511092}"
EndProject
Project("{2150E333-8FDC-42A3-9474-1A3956D46DE8}") = "delegate&Thread", "delegate&Thread", "{364FE547-7151-4AFA-8719-C5A0F58B7550}"
EndProject
Project("{2150E333-8FDC-42A3-9474-1A3956D46DE8}") = "Task", "Task", "{77237F01-0FD1-4A62-8061-F7B21BE18748}"
EndProject
Project("{2150E333-8FDC-42A3-9474-1A3956D46DE8}") = "通讯", "通讯", "{92C62BB3-5CC1-4716-B135-6B3B7C4A1992}"
EndProject
Project("{FAE04EC0-301F-11D3-BF4B-00C04F79EFBC}") = "串口通讯助手", "2025-12-18\串口通讯助手.csproj", "{D01046D7-E72E-4437-8952-D6993AFB5592}"
EndProject
Project("{2150E333-8FDC-42A3-9474-1A3956D46DE8}") = "GDI", "GDI", "{1C415AE9-E3EF-4346-8B17-556AA6EFA2E2}"
EndProject
Project("{2150E333-8FDC-42A3-9474-1A3956D46DE8}") = "文件操作", "文件操作", "{C66B4993-7E54-4C4B-9206-C23949B171CE}"
EndProject
Project("{2150E333-8FDC-42A3-9474-1A3956D46DE8}") = "实体类应用", "实体类应用", "{767CDEB9-8F26-41B2-A2A0-B9B787037B09}"
EndProject
Project("{FAE04EC0-301F-11D3-BF4B-00C04F79EFBC}") = "TCP客户端", "2025-12-20\TCP客户端.csproj", "{F2F529B0-264D-43CF-BB4C-BC225211CB9D}"
EndProject
Project("{FAE04EC0-301F-11D3-BF4B-00C04F79EFBC}") = "TCP服务器", "2025-12-22\TCP服务器.csproj", "{CD3304BE-E6AD-4081-927F-8D37A26454DA}"
EndProject
Project("{FAE04EC0-301F-11D3-BF4B-00C04F79EFBC}") = "词典Dictionary", "2025-12-22(2)\词典Dictionary.csproj", "{32A0058E-B25E-406D-90D6-672DA967D170}"
EndProject
Project("{2150E333-8FDC-42A3-9474-1A3956D46DE8}") = "变频器Modbus通讯", "变频器Modbus通讯", "{4A3DF1DD-947A-4419-802D-FD525AA6459A}"
EndProject
Project("{2150E333-8FDC-42A3-9474-1A3956D46DE8}") = "TCP通讯", "TCP通讯", "{7832098D-744E-4CC6-B509-B047FB6B63F0}"
EndProject
Project("{2150E333-8FDC-42A3-9474-1A3956D46DE8}") = "串口通讯", "串口通讯", "{9C8B6AD4-6513-4E90-907F-BB7D6D825B28}"
EndProject
Project("{FAE04EC0-301F-11D3-BF4B-00C04F79EFBC}") = "InverterControl", "2025-12-23\InverterControl.csproj", "{F8EE6B1E-E358-4350-9234-647A1BDC9157}"
EndProject
Project("{FAE04EC0-301F-11D3-BF4B-00C04F79EFBC}") = "与信捷PLC的Modbus_TCP通讯", "2025-12-26\与信捷PLC的Modbus_TCP通讯.csproj", "{B827DAD7-545B-4FE8-AAF9-92754801E660}"
EndProject
Project("{2150E333-8FDC-42A3-9474-1A3956D46DE8}") = "PLC通讯", "PLC通讯", "{31EC1043-7C75-4E4D-AD46-4AE0495B2F18}"
EndProject
Project("{FAE04EC0-301F-11D3-BF4B-00C04F79EFBC}") = "与三菱Fx系列PLC编程口协议", "2025-12-27\与三菱Fx系列PLC编程口协议.csproj", "{42BBEF61-C81F-403B-B214-3B01E4738EA1}"
EndProject
Project("{FAE04EC0-301F-11D3-BF4B-00C04F79EFBC}") = "与FX5U系列PLC的MC通讯", "2025-12-27(2)\与FX5U系列PLC的MC通讯.csproj", "{084E58AC-9ED1-428F-8F9E-38DF5573E19A}"
EndProject
Project("{2150E333-8FDC-42A3-9474-1A3956D46DE8}") = "温湿度计Modbus通讯", "温湿度计Modbus通讯", "{AE5B897E-A837-4A7B-A48E-104FFCFF473E}"
EndProject
Project("{FAE04EC0-301F-11D3-BF4B-00C04F79EFBC}") = "温度计", "温度计\温度计.csproj", "{00F326B6-1C44-4D70-8F1D-B9E8378131A3}"
EndProject
Global
	GlobalSection(SolutionConfigurationPlatforms) = preSolution
		Debug|Any CPU = Debug|Any CPU
		Release|Any CPU = Release|Any CPU
	EndGlobalSection
	GlobalSection(ProjectConfigurationPlatforms) = postSolution
		{E46FCA46-A770-4657-B667-A854D61741CB}.Debug|Any CPU.ActiveCfg = Debug|Any CPU
		{E46FCA46-A770-4657-B667-A854D61741CB}.Debug|Any CPU.Build.0 = Debug|Any CPU
		{E46FCA46-A770-4657-B667-A854D61741CB}.Release|Any CPU.ActiveCfg = Release|Any CPU
		{E46FCA46-A770-4657-B667-A854D61741CB}.Release|Any CPU.Build.0 = Release|Any CPU
		{DC399073-ACD4-463A-A146-D41C4186B1AE}.Debug|Any CPU.ActiveCfg = Debug|Any CPU
		{DC399073-ACD4-463A-A146-D41C4186B1AE}.Debug|Any CPU.Build.0 = Debug|Any CPU
		{DC399073-ACD4-463A-A146-D41C4186B1AE}.Release|Any CPU.ActiveCfg = Release|Any CPU
		{DC399073-ACD4-463A-A146-D41C4186B1AE}.Release|Any CPU.Build.0 = Release|Any CPU
		{17C76A7D-AEE5-40FD-B8D6-EBABC89565F8}.Debug|Any CPU.ActiveCfg = Debug|Any CPU
		{17C76A7D-AEE5-40FD-B8D6-EBABC89565F8}.Debug|Any CPU.Build.0 = Debug|Any CPU
		{17C76A7D-AEE5-40FD-B8D6-EBABC89565F8}.Release|Any CPU.ActiveCfg = Release|Any CPU
		{17C76A7D-AEE5-40FD-B8D6-EBABC89565F8}.Release|Any CPU.Build.0 = Release|Any CPU
		{0C85881C-3E95-4CC5-A281-3FF1E19A0758}.Debug|Any CPU.ActiveCfg = Debug|Any CPU
		{0C85881C-3E95-4CC5-A281-3FF1E19A0758}.Debug|Any CPU.Build.0 = Debug|Any CPU
		{0C85881C-3E95-4CC5-A281-3FF1E19A0758}.Release|Any CPU.ActiveCfg = Release|Any CPU
		{0C85881C-3E95-4CC5-A281-3FF1E19A0758}.Release|Any CPU.Build.0 = Release|Any CPU
		{40EF5461-7B2D-4D75-A47F-B4226C9A1A04}.Debug|Any CPU.ActiveCfg = Debug|Any CPU
		{40EF5461-7B2D-4D75-A47F-B4226C9A1A04}.Debug|Any CPU.Build.0 = Debug|Any CPU
		{40EF5461-7B2D-4D75-A47F-B4226C9A1A04}.Release|Any CPU.ActiveCfg = Release|Any CPU
		{40EF5461-7B2D-4D75-A47F-B4226C9A1A04}.Release|Any CPU.Build.0 = Release|Any CPU
		{98DEE998-FB12-4800-89B4-A20F635F7DFC}.Debug|Any CPU.ActiveCfg = Debug|Any CPU
		{98DEE998-FB12-4800-89B4-A20F635F7DFC}.Debug|Any CPU.Build.0 = Debug|Any CPU
		{98DEE998-FB12-4800-89B4-A20F635F7DFC}.Release|Any CPU.ActiveCfg = Release|Any CPU
		{98DEE998-FB12-4800-89B4-A20F635F7DFC}.Release|Any CPU.Build.0 = Release|Any CPU
		{D054365F-E970-4276-B084-6825889265CD}.Debug|Any CPU.ActiveCfg = Debug|Any CPU
		{D054365F-E970-4276-B084-6825889265CD}.Debug|Any CPU.Build.0 = Debug|Any CPU
		{D054365F-E970-4276-B084-6825889265CD}.Release|Any CPU.ActiveCfg = Release|Any CPU
		{D054365F-E970-4276-B084-6825889265CD}.Release|Any CPU.Build.0 = Release|Any CPU
		{2BECEE34-75CD-44A7-98D9-4682ED14B9A7}.Debug|Any CPU.ActiveCfg = Debug|Any CPU
		{2BECEE34-75CD-44A7-98D9-4682ED14B9A7}.Debug|Any CPU.Build.0 = Debug|Any CPU
		{2BECEE34-75CD-44A7-98D9-4682ED14B9A7}.Release|Any CPU.ActiveCfg = Release|Any CPU
		{2BECEE34-75CD-44A7-98D9-4682ED14B9A7}.Release|Any CPU.Build.0 = Release|Any CPU
		{93084D21-84A4-49CC-A9DB-A1C3381058B3}.Debug|Any CPU.ActiveCfg = Debug|Any CPU
		{93084D21-84A4-49CC-A9DB-A1C3381058B3}.Debug|Any CPU.Build.0 = Debug|Any CPU
		{93084D21-84A4-49CC-A9DB-A1C3381058B3}.Release|Any CPU.ActiveCfg = Release|Any CPU
		{93084D21-84A4-49CC-A9DB-A1C3381058B3}.Release|Any CPU.Build.0 = Release|Any CPU
		{849297C2-4298-4D51-BD8D-11A71603CF81}.Debug|Any CPU.ActiveCfg = Debug|Any CPU
		{849297C2-4298-4D51-BD8D-11A71603CF81}.Debug|Any CPU.Build.0 = Debug|Any CPU
		{849297C2-4298-4D51-BD8D-11A71603CF81}.Release|Any CPU.ActiveCfg = Release|Any CPU
		{849297C2-4298-4D51-BD8D-11A71603CF81}.Release|Any CPU.Build.0 = Release|Any CPU
		{6589A28A-242E-457E-A928-A1760E7EAFB2}.Debug|Any CPU.ActiveCfg = Debug|Any CPU
		{6589A28A-242E-457E-A928-A1760E7EAFB2}.Debug|Any CPU.Build.0 = Debug|Any CPU
		{6589A28A-242E-457E-A928-A1760E7EAFB2}.Release|Any CPU.ActiveCfg = Release|Any CPU
		{6589A28A-242E-457E-A928-A1760E7EAFB2}.Release|Any CPU.Build.0 = Release|Any CPU
		{87FDEDDA-CD26-4842-A45C-28B48E4F55A5}.Debug|Any CPU.ActiveCfg = Debug|Any CPU
		{87FDEDDA-CD26-4842-A45C-28B48E4F55A5}.Debug|Any CPU.Build.0 = Debug|Any CPU
		{87FDEDDA-CD26-4842-A45C-28B48E4F55A5}.Release|Any CPU.ActiveCfg = Release|Any CPU
		{87FDEDDA-CD26-4842-A45C-28B48E4F55A5}.Release|Any CPU.Build.0 = Release|Any CPU
		{D37D42FB-F188-4A50-9541-7408346D2A17}.Debug|Any CPU.ActiveCfg = Debug|Any CPU
		{D37D42FB-F188-4A50-9541-7408346D2A17}.Debug|Any CPU.Build.0 = Debug|Any CPU
		{D37D42FB-F188-4A50-9541-7408346D2A17}.Release|Any CPU.ActiveCfg = Release|Any CPU
		{D37D42FB-F188-4A50-9541-7408346D2A17}.Release|Any CPU.Build.0 = Release|Any CPU
		{8A9BD767-3EF6-4C5E-B673-05FDACEB99BD}.Debug|Any CPU.ActiveCfg = Debug|Any CPU
		{8A9BD767-3EF6-4C5E-B673-05FDACEB99BD}.Debug|Any CPU.Build.0 = Debug|Any CPU
		{8A9BD767-3EF6-4C5E-B673-05FDACEB99BD}.Release|Any CPU.ActiveCfg = Release|Any CPU
		{8A9BD767-3EF6-4C5E-B673-05FDACEB99BD}.Release|Any CPU.Build.0 = Release|Any CPU
		{2D935057-295A-41F0-A7F5-D8629D6C0E96}.Debug|Any CPU.ActiveCfg = Debug|Any CPU
		{2D935057-295A-41F0-A7F5-D8629D6C0E96}.Debug|Any CPU.Build.0 = Debug|Any CPU
		{2D935057-295A-41F0-A7F5-D8629D6C0E96}.Release|Any CPU.ActiveCfg = Release|Any CPU
		{2D935057-295A-41F0-A7F5-D8629D6C0E96}.Release|Any CPU.Build.0 = Release|Any CPU
		{FC735FB7-92F8-4FAF-BCEF-13519F614329}.Debug|Any CPU.ActiveCfg = Debug|Any CPU
		{FC735FB7-92F8-4FAF-BCEF-13519F614329}.Debug|Any CPU.Build.0 = Debug|Any CPU
		{FC735FB7-92F8-4FAF-BCEF-13519F614329}.Release|Any CPU.ActiveCfg = Release|Any CPU
		{FC735FB7-92F8-4FAF-BCEF-13519F614329}.Release|Any CPU.Build.0 = Release|Any CPU
		{3F8E76CC-CD06-469D-BA30-CCB7ED0F817D}.Debug|Any CPU.ActiveCfg = Debug|Any CPU
		{3F8E76CC-CD06-469D-BA30-CCB7ED0F817D}.Debug|Any CPU.Build.0 = Debug|Any CPU
		{3F8E76CC-CD06-469D-BA30-CCB7ED0F817D}.Release|Any CPU.ActiveCfg = Release|Any CPU
		{3F8E76CC-CD06-469D-BA30-CCB7ED0F817D}.Release|Any CPU.Build.0 = Release|Any CPU
		{F60578D5-33FC-467E-A1D2-0FA906D7E1F5}.Debug|Any CPU.ActiveCfg = Debug|Any CPU
		{F60578D5-33FC-467E-A1D2-0FA906D7E1F5}.Debug|Any CPU.Build.0 = Debug|Any CPU
		{F60578D5-33FC-467E-A1D2-0FA906D7E1F5}.Release|Any CPU.ActiveCfg = Release|Any CPU
		{F60578D5-33FC-467E-A1D2-0FA906D7E1F5}.Release|Any CPU.Build.0 = Release|Any CPU
		{53AC51AA-46C3-4B94-90D7-4D838959F552}.Debug|Any CPU.ActiveCfg = Debug|Any CPU
		{53AC51AA-46C3-4B94-90D7-4D838959F552}.Debug|Any CPU.Build.0 = Debug|Any CPU
		{53AC51AA-46C3-4B94-90D7-4D838959F552}.Release|Any CPU.ActiveCfg = Release|Any CPU
		{53AC51AA-46C3-4B94-90D7-4D838959F552}.Release|Any CPU.Build.0 = Release|Any CPU
		{FA2D1E6D-BC17-48E8-AB09-3FC63E462509}.Debug|Any CPU.ActiveCfg = Debug|Any CPU
		{FA2D1E6D-BC17-48E8-AB09-3FC63E462509}.Debug|Any CPU.Build.0 = Debug|Any CPU
		{FA2D1E6D-BC17-48E8-AB09-3FC63E462509}.Release|Any CPU.ActiveCfg = Release|Any CPU
		{FA2D1E6D-BC17-48E8-AB09-3FC63E462509}.Release|Any CPU.Build.0 = Release|Any CPU
		{CAC67A09-863D-4B98-A7F4-3B3BAD9093B7}.Debug|Any CPU.ActiveCfg = Debug|Any CPU
		{CAC67A09-863D-4B98-A7F4-3B3BAD9093B7}.Debug|Any CPU.Build.0 = Debug|Any CPU
		{CAC67A09-863D-4B98-A7F4-3B3BAD9093B7}.Release|Any CPU.ActiveCfg = Release|Any CPU
		{CAC67A09-863D-4B98-A7F4-3B3BAD9093B7}.Release|Any CPU.Build.0 = Release|Any CPU
		{E5F45E1E-D1ED-40A3-8212-C6DB2A89C17E}.Debug|Any CPU.ActiveCfg = Debug|Any CPU
		{E5F45E1E-D1ED-40A3-8212-C6DB2A89C17E}.Debug|Any CPU.Build.0 = Debug|Any CPU
		{E5F45E1E-D1ED-40A3-8212-C6DB2A89C17E}.Release|Any CPU.ActiveCfg = Release|Any CPU
		{E5F45E1E-D1ED-40A3-8212-C6DB2A89C17E}.Release|Any CPU.Build.0 = Release|Any CPU
		{4A653F59-0787-4645-AB1D-46EEF29B530B}.Debug|Any CPU.ActiveCfg = Debug|Any CPU
		{4A653F59-0787-4645-AB1D-46EEF29B530B}.Debug|Any CPU.Build.0 = Debug|Any CPU
		{4A653F59-0787-4645-AB1D-46EEF29B530B}.Release|Any CPU.ActiveCfg = Release|Any CPU
		{4A653F59-0787-4645-AB1D-46EEF29B530B}.Release|Any CPU.Build.0 = Release|Any CPU
		{9AE4FD7B-2A22-43F7-B007-530517C6095F}.Debug|Any CPU.ActiveCfg = Debug|Any CPU
		{9AE4FD7B-2A22-43F7-B007-530517C6095F}.Debug|Any CPU.Build.0 = Debug|Any CPU
		{9AE4FD7B-2A22-43F7-B007-530517C6095F}.Release|Any CPU.ActiveCfg = Release|Any CPU
		{9AE4FD7B-2A22-43F7-B007-530517C6095F}.Release|Any CPU.Build.0 = Release|Any CPU
		{5EB37A55-188C-45F3-9C8D-70DDEEAC06A6}.Debug|Any CPU.ActiveCfg = Debug|Any CPU
		{5EB37A55-188C-45F3-9C8D-70DDEEAC06A6}.Debug|Any CPU.Build.0 = Debug|Any CPU
		{5EB37A55-188C-45F3-9C8D-70DDEEAC06A6}.Release|Any CPU.ActiveCfg = Release|Any CPU
		{5EB37A55-188C-45F3-9C8D-70DDEEAC06A6}.Release|Any CPU.Build.0 = Release|Any CPU
		{3B47B304-AE7F-4C3E-88FC-AB23ED2F0152}.Debug|Any CPU.ActiveCfg = Debug|Any CPU
		{3B47B304-AE7F-4C3E-88FC-AB23ED2F0152}.Debug|Any CPU.Build.0 = Debug|Any CPU
		{3B47B304-AE7F-4C3E-88FC-AB23ED2F0152}.Release|Any CPU.ActiveCfg = Release|Any CPU
		{3B47B304-AE7F-4C3E-88FC-AB23ED2F0152}.Release|Any CPU.Build.0 = Release|Any CPU
		{FF6EE56B-D979-4D31-9E9E-892272B185AF}.Debug|Any CPU.ActiveCfg = Debug|Any CPU
		{FF6EE56B-D979-4D31-9E9E-892272B185AF}.Debug|Any CPU.Build.0 = Debug|Any CPU
		{FF6EE56B-D979-4D31-9E9E-892272B185AF}.Release|Any CPU.ActiveCfg = Release|Any CPU
		{FF6EE56B-D979-4D31-9E9E-892272B185AF}.Release|Any CPU.Build.0 = Release|Any CPU
		{3A0C5852-C3A7-40AF-9AE0-515A6C1DFA6D}.Debug|Any CPU.ActiveCfg = Debug|Any CPU
		{3A0C5852-C3A7-40AF-9AE0-515A6C1DFA6D}.Debug|Any CPU.Build.0 = Debug|Any CPU
		{3A0C5852-C3A7-40AF-9AE0-515A6C1DFA6D}.Release|Any CPU.ActiveCfg = Release|Any CPU
		{3A0C5852-C3A7-40AF-9AE0-515A6C1DFA6D}.Release|Any CPU.Build.0 = Release|Any CPU
		{0CF47B47-EEED-461C-A9F6-904BB241B143}.Debug|Any CPU.ActiveCfg = Debug|Any CPU
		{0CF47B47-EEED-461C-A9F6-904BB241B143}.Debug|Any CPU.Build.0 = Debug|Any CPU
		{0CF47B47-EEED-461C-A9F6-904BB241B143}.Release|Any CPU.ActiveCfg = Release|Any CPU
		{0CF47B47-EEED-461C-A9F6-904BB241B143}.Release|Any CPU.Build.0 = Release|Any CPU
		{DD5768A6-C9EA-4B0B-9E20-4C10958522E6}.Debug|Any CPU.ActiveCfg = Debug|Any CPU
		{DD5768A6-C9EA-4B0B-9E20-4C10958522E6}.Debug|Any CPU.Build.0 = Debug|Any CPU
		{DD5768A6-C9EA-4B0B-9E20-4C10958522E6}.Release|Any CPU.ActiveCfg = Release|Any CPU
		{DD5768A6-C9EA-4B0B-9E20-4C10958522E6}.Release|Any CPU.Build.0 = Release|Any CPU
		{ED5F6A78-74A6-456A-A86E-F82B8E07EEC2}.Debug|Any CPU.ActiveCfg = Debug|Any CPU
		{ED5F6A78-74A6-456A-A86E-F82B8E07EEC2}.Debug|Any CPU.Build.0 = Debug|Any CPU
		{ED5F6A78-74A6-456A-A86E-F82B8E07EEC2}.Release|Any CPU.ActiveCfg = Release|Any CPU
		{ED5F6A78-74A6-456A-A86E-F82B8E07EEC2}.Release|Any CPU.Build.0 = Release|Any CPU
		{6818D4C5-06D0-4D0D-8CD7-57AB636F9C4A}.Debug|Any CPU.ActiveCfg = Debug|Any CPU
		{6818D4C5-06D0-4D0D-8CD7-57AB636F9C4A}.Debug|Any CPU.Build.0 = Debug|Any CPU
		{6818D4C5-06D0-4D0D-8CD7-57AB636F9C4A}.Release|Any CPU.ActiveCfg = Release|Any CPU
		{6818D4C5-06D0-4D0D-8CD7-57AB636F9C4A}.Release|Any CPU.Build.0 = Release|Any CPU
		{73C8A096-F91C-4102-9B76-1C040B557225}.Debug|Any CPU.ActiveCfg = Debug|Any CPU
		{73C8A096-F91C-4102-9B76-1C040B557225}.Debug|Any CPU.Build.0 = Debug|Any CPU
		{73C8A096-F91C-4102-9B76-1C040B557225}.Release|Any CPU.ActiveCfg = Release|Any CPU
		{73C8A096-F91C-4102-9B76-1C040B557225}.Release|Any CPU.Build.0 = Release|Any CPU
		{3DD084DA-3049-4C37-81FE-B530D6D45E82}.Debug|Any CPU.ActiveCfg = Debug|Any CPU
		{3DD084DA-3049-4C37-81FE-B530D6D45E82}.Debug|Any CPU.Build.0 = Debug|Any CPU
		{3DD084DA-3049-4C37-81FE-B530D6D45E82}.Release|Any CPU.ActiveCfg = Release|Any CPU
		{3DD084DA-3049-4C37-81FE-B530D6D45E82}.Release|Any CPU.Build.0 = Release|Any CPU
		{645D9211-67F8-43F5-8A01-D5870C1BC7F8}.Debug|Any CPU.ActiveCfg = Debug|Any CPU
		{645D9211-67F8-43F5-8A01-D5870C1BC7F8}.Debug|Any CPU.Build.0 = Debug|Any CPU
		{645D9211-67F8-43F5-8A01-D5870C1BC7F8}.Release|Any CPU.ActiveCfg = Release|Any CPU
		{645D9211-67F8-43F5-8A01-D5870C1BC7F8}.Release|Any CPU.Build.0 = Release|Any CPU
		{D0775CE5-506E-4A92-8FCA-59D0AAB0D0A8}.Debug|Any CPU.ActiveCfg = Debug|Any CPU
		{D0775CE5-506E-4A92-8FCA-59D0AAB0D0A8}.Debug|Any CPU.Build.0 = Debug|Any CPU
		{D0775CE5-506E-4A92-8FCA-59D0AAB0D0A8}.Release|Any CPU.ActiveCfg = Release|Any CPU
		{D0775CE5-506E-4A92-8FCA-59D0AAB0D0A8}.Release|Any CPU.Build.0 = Release|Any CPU
		{D25EE5F7-F82E-454C-921E-FE79C518BF73}.Debug|Any CPU.ActiveCfg = Debug|Any CPU
		{D25EE5F7-F82E-454C-921E-FE79C518BF73}.Debug|Any CPU.Build.0 = Debug|Any CPU
		{D25EE5F7-F82E-454C-921E-FE79C518BF73}.Release|Any CPU.ActiveCfg = Release|Any CPU
		{D25EE5F7-F82E-454C-921E-FE79C518BF73}.Release|Any CPU.Build.0 = Release|Any CPU
		{C29759BE-6AE6-4A5F-9310-CDB269EBF885}.Debug|Any CPU.ActiveCfg = Debug|Any CPU
		{C29759BE-6AE6-4A5F-9310-CDB269EBF885}.Debug|Any CPU.Build.0 = Debug|Any CPU
		{C29759BE-6AE6-4A5F-9310-CDB269EBF885}.Release|Any CPU.ActiveCfg = Release|Any CPU
		{C29759BE-6AE6-4A5F-9310-CDB269EBF885}.Release|Any CPU.Build.0 = Release|Any CPU
		{92577AF3-7CAC-42BC-83D8-F77D1A3E0C76}.Debug|Any CPU.ActiveCfg = Debug|Any CPU
		{92577AF3-7CAC-42BC-83D8-F77D1A3E0C76}.Debug|Any CPU.Build.0 = Debug|Any CPU
		{92577AF3-7CAC-42BC-83D8-F77D1A3E0C76}.Release|Any CPU.ActiveCfg = Release|Any CPU
		{92577AF3-7CAC-42BC-83D8-F77D1A3E0C76}.Release|Any CPU.Build.0 = Release|Any CPU
		{6D113525-C2EA-4D73-975B-72B0FE65E5FE}.Debug|Any CPU.ActiveCfg = Debug|Any CPU
		{6D113525-C2EA-4D73-975B-72B0FE65E5FE}.Debug|Any CPU.Build.0 = Debug|Any CPU
		{6D113525-C2EA-4D73-975B-72B0FE65E5FE}.Release|Any CPU.ActiveCfg = Release|Any CPU
		{6D113525-C2EA-4D73-975B-72B0FE65E5FE}.Release|Any CPU.Build.0 = Release|Any CPU
		{137D7FC7-5C60-453F-9060-367C7E511092}.Debug|Any CPU.ActiveCfg = Debug|Any CPU
		{137D7FC7-5C60-453F-9060-367C7E511092}.Debug|Any CPU.Build.0 = Debug|Any CPU
		{137D7FC7-5C60-453F-9060-367C7E511092}.Release|Any CPU.ActiveCfg = Release|Any CPU
		{137D7FC7-5C60-453F-9060-367C7E511092}.Release|Any CPU.Build.0 = Release|Any CPU
		{D01046D7-E72E-4437-8952-D6993AFB5592}.Debug|Any CPU.ActiveCfg = Debug|Any CPU
		{D01046D7-E72E-4437-8952-D6993AFB5592}.Debug|Any CPU.Build.0 = Debug|Any CPU
		{D01046D7-E72E-4437-8952-D6993AFB5592}.Release|Any CPU.ActiveCfg = Release|Any CPU
		{D01046D7-E72E-4437-8952-D6993AFB5592}.Release|Any CPU.Build.0 = Release|Any CPU
		{F2F529B0-264D-43CF-BB4C-BC225211CB9D}.Debug|Any CPU.ActiveCfg = Debug|Any CPU
		{F2F529B0-264D-43CF-BB4C-BC225211CB9D}.Debug|Any CPU.Build.0 = Debug|Any CPU
		{F2F529B0-264D-43CF-BB4C-BC225211CB9D}.Release|Any CPU.ActiveCfg = Release|Any CPU
		{F2F529B0-264D-43CF-BB4C-BC225211CB9D}.Release|Any CPU.Build.0 = Release|Any CPU
		{CD3304BE-E6AD-4081-927F-8D37A26454DA}.Debug|Any CPU.ActiveCfg = Debug|Any CPU
		{CD3304BE-E6AD-4081-927F-8D37A26454DA}.Debug|Any CPU.Build.0 = Debug|Any CPU
		{CD3304BE-E6AD-4081-927F-8D37A26454DA}.Release|Any CPU.ActiveCfg = Release|Any CPU
		{CD3304BE-E6AD-4081-927F-8D37A26454DA}.Release|Any CPU.Build.0 = Release|Any CPU
		{32A0058E-B25E-406D-90D6-672DA967D170}.Debug|Any CPU.ActiveCfg = Debug|Any CPU
		{32A0058E-B25E-406D-90D6-672DA967D170}.Debug|Any CPU.Build.0 = Debug|Any CPU
		{32A0058E-B25E-406D-90D6-672DA967D170}.Release|Any CPU.ActiveCfg = Release|Any CPU
		{32A0058E-B25E-406D-90D6-672DA967D170}.Release|Any CPU.Build.0 = Release|Any CPU
		{F8EE6B1E-E358-4350-9234-647A1BDC9157}.Debug|Any CPU.ActiveCfg = Debug|Any CPU
		{F8EE6B1E-E358-4350-9234-647A1BDC9157}.Debug|Any CPU.Build.0 = Debug|Any CPU
		{F8EE6B1E-E358-4350-9234-647A1BDC9157}.Release|Any CPU.ActiveCfg = Release|Any CPU
		{F8EE6B1E-E358-4350-9234-647A1BDC9157}.Release|Any CPU.Build.0 = Release|Any CPU
		{B827DAD7-545B-4FE8-AAF9-92754801E660}.Debug|Any CPU.ActiveCfg = Debug|Any CPU
		{B827DAD7-545B-4FE8-AAF9-92754801E660}.Debug|Any CPU.Build.0 = Debug|Any CPU
		{B827DAD7-545B-4FE8-AAF9-92754801E660}.Release|Any CPU.ActiveCfg = Release|Any CPU
		{B827DAD7-545B-4FE8-AAF9-92754801E660}.Release|Any CPU.Build.0 = Release|Any CPU
		{42BBEF61-C81F-403B-B214-3B01E4738EA1}.Debug|Any CPU.ActiveCfg = Debug|Any CPU
		{42BBEF61-C81F-403B-B214-3B01E4738EA1}.Debug|Any CPU.Build.0 = Debug|Any CPU
		{42BBEF61-C81F-403B-B214-3B01E4738EA1}.Release|Any CPU.ActiveCfg = Release|Any CPU
		{42BBEF61-C81F-403B-B214-3B01E4738EA1}.Release|Any CPU.Build.0 = Release|Any CPU
		{084E58AC-9ED1-428F-8F9E-38DF5573E19A}.Debug|Any CPU.ActiveCfg = Debug|Any CPU
		{084E58AC-9ED1-428F-8F9E-38DF5573E19A}.Debug|Any CPU.Build.0 = Debug|Any CPU
		{084E58AC-9ED1-428F-8F9E-38DF5573E19A}.Release|Any CPU.ActiveCfg = Release|Any CPU
		{084E58AC-9ED1-428F-8F9E-38DF5573E19A}.Release|Any CPU.Build.0 = Release|Any CPU
		{00F326B6-1C44-4D70-8F1D-B9E8378131A3}.Debug|Any CPU.ActiveCfg = Debug|Any CPU
		{00F326B6-1C44-4D70-8F1D-B9E8378131A3}.Debug|Any CPU.Build.0 = Debug|Any CPU
		{00F326B6-1C44-4D70-8F1D-B9E8378131A3}.Release|Any CPU.ActiveCfg = Release|Any CPU
		{00F326B6-1C44-4D70-8F1D-B9E8378131A3}.Release|Any CPU.Build.0 = Release|Any CPU
	EndGlobalSection
	GlobalSection(SolutionProperties) = preSolution
		HideSolutionNode = FALSE
	EndGlobalSection
	GlobalSection(NestedProjects) = preSolution
		{E46FCA46-A770-4657-B667-A854D61741CB} = {02EA681E-C7D8-13C7-8484-4AC65E1B71E8}
		{DC399073-ACD4-463A-A146-D41C4186B1AE} = {02EA681E-C7D8-13C7-8484-4AC65E1B71E8}
		{17C76A7D-AEE5-40FD-B8D6-EBABC89565F8} = {02EA681E-C7D8-13C7-8484-4AC65E1B71E8}
		{0C85881C-3E95-4CC5-A281-3FF1E19A0758} = {02EA681E-C7D8-13C7-8484-4AC65E1B71E8}
		{40EF5461-7B2D-4D75-A47F-B4226C9A1A04} = {02EA681E-C7D8-13C7-8484-4AC65E1B71E8}
		{98DEE998-FB12-4800-89B4-A20F635F7DFC} = {02EA681E-C7D8-13C7-8484-4AC65E1B71E8}
		{D054365F-E970-4276-B084-6825889265CD} = {02EA681E-C7D8-13C7-8484-4AC65E1B71E8}
		{2BECEE34-75CD-44A7-98D9-4682ED14B9A7} = {02EA681E-C7D8-13C7-8484-4AC65E1B71E8}
		{93084D21-84A4-49CC-A9DB-A1C3381058B3} = {02EA681E-C7D8-13C7-8484-4AC65E1B71E8}
		{849297C2-4298-4D51-BD8D-11A71603CF81} = {02EA681E-C7D8-13C7-8484-4AC65E1B71E8}
		{6589A28A-242E-457E-A928-A1760E7EAFB2} = {02EA681E-C7D8-13C7-8484-4AC65E1B71E8}
		{87FDEDDA-CD26-4842-A45C-28B48E4F55A5} = {02EA681E-C7D8-13C7-8484-4AC65E1B71E8}
		{D37D42FB-F188-4A50-9541-7408346D2A17} = {02EA681E-C7D8-13C7-8484-4AC65E1B71E8}
		{8A9BD767-3EF6-4C5E-B673-05FDACEB99BD} = {02EA681E-C7D8-13C7-8484-4AC65E1B71E8}
		{2D935057-295A-41F0-A7F5-D8629D6C0E96} = {02EA681E-C7D8-13C7-8484-4AC65E1B71E8}
		{FC735FB7-92F8-4FAF-BCEF-13519F614329} = {02EA681E-C7D8-13C7-8484-4AC65E1B71E8}
		{3F8E76CC-CD06-469D-BA30-CCB7ED0F817D} = {02EA681E-C7D8-13C7-8484-4AC65E1B71E8}
		{F60578D5-33FC-467E-A1D2-0FA906D7E1F5} = {02EA681E-C7D8-13C7-8484-4AC65E1B71E8}
		{53AC51AA-46C3-4B94-90D7-4D838959F552} = {02EA681E-C7D8-13C7-8484-4AC65E1B71E8}
		{FA2D1E6D-BC17-48E8-AB09-3FC63E462509} = {C66B4993-7E54-4C4B-9206-C23949B171CE}
		{CAC67A09-863D-4B98-A7F4-3B3BAD9093B7} = {C66B4993-7E54-4C4B-9206-C23949B171CE}
		{E5F45E1E-D1ED-40A3-8212-C6DB2A89C17E} = {C66B4993-7E54-4C4B-9206-C23949B171CE}
		{4A653F59-0787-4645-AB1D-46EEF29B530B} = {99D442FE-D847-42E6-B3F4-1FCEE8148916}
		{9AE4FD7B-2A22-43F7-B007-530517C6095F} = {C66B4993-7E54-4C4B-9206-C23949B171CE}
		{5EB37A55-188C-45F3-9C8D-70DDEEAC06A6} = {767CDEB9-8F26-41B2-A2A0-B9B787037B09}
		{3B47B304-AE7F-4C3E-88FC-AB23ED2F0152} = {99D442FE-D847-42E6-B3F4-1FCEE8148916}
		{FF6EE56B-D979-4D31-9E9E-892272B185AF} = {767CDEB9-8F26-41B2-A2A0-B9B787037B09}
		{3A0C5852-C3A7-40AF-9AE0-515A6C1DFA6D} = {1C415AE9-E3EF-4346-8B17-556AA6EFA2E2}
		{0CF47B47-EEED-461C-A9F6-904BB241B143} = {1C415AE9-E3EF-4346-8B17-556AA6EFA2E2}
		{DD5768A6-C9EA-4B0B-9E20-4C10958522E6} = {1C415AE9-E3EF-4346-8B17-556AA6EFA2E2}
		{ED5F6A78-74A6-456A-A86E-F82B8E07EEC2} = {364FE547-7151-4AFA-8719-C5A0F58B7550}
		{6818D4C5-06D0-4D0D-8CD7-57AB636F9C4A} = {99D442FE-D847-42E6-B3F4-1FCEE8148916}
		{73C8A096-F91C-4102-9B76-1C040B557225} = {364FE547-7151-4AFA-8719-C5A0F58B7550}
		{3DD084DA-3049-4C37-81FE-B530D6D45E82} = {364FE547-7151-4AFA-8719-C5A0F58B7550}
		{645D9211-67F8-43F5-8A01-D5870C1BC7F8} = {77237F01-0FD1-4A62-8061-F7B21BE18748}
		{D0775CE5-506E-4A92-8FCA-59D0AAB0D0A8} = {77237F01-0FD1-4A62-8061-F7B21BE18748}
		{D25EE5F7-F82E-454C-921E-FE79C518BF73} = {77237F01-0FD1-4A62-8061-F7B21BE18748}
		{C29759BE-6AE6-4A5F-9310-CDB269EBF885} = {77237F01-0FD1-4A62-8061-F7B21BE18748}
		{92577AF3-7CAC-42BC-83D8-F77D1A3E0C76} = {77237F01-0FD1-4A62-8061-F7B21BE18748}
		{6D113525-C2EA-4D73-975B-72B0FE65E5FE} = {77237F01-0FD1-4A62-8061-F7B21BE18748}
		{137D7FC7-5C60-453F-9060-367C7E511092} = {77237F01-0FD1-4A62-8061-F7B21BE18748}
		{364FE547-7151-4AFA-8719-C5A0F58B7550} = {99D442FE-D847-42E6-B3F4-1FCEE8148916}
		{77237F01-0FD1-4A62-8061-F7B21BE18748} = {99D442FE-D847-42E6-B3F4-1FCEE8148916}
		{92C62BB3-5CC1-4716-B135-6B3B7C4A1992} = {99D442FE-D847-42E6-B3F4-1FCEE8148916}
		{D01046D7-E72E-4437-8952-D6993AFB5592} = {9C8B6AD4-6513-4E90-907F-BB7D6D825B28}
		{1C415AE9-E3EF-4346-8B17-556AA6EFA2E2} = {99D442FE-D847-42E6-B3F4-1FCEE8148916}
		{C66B4993-7E54-4C4B-9206-C23949B171CE} = {99D442FE-D847-42E6-B3F4-1FCEE8148916}
		{767CDEB9-8F26-41B2-A2A0-B9B787037B09} = {99D442FE-D847-42E6-B3F4-1FCEE8148916}
		{F2F529B0-264D-43CF-BB4C-BC225211CB9D} = {7832098D-744E-4CC6-B509-B047FB6B63F0}
		{CD3304BE-E6AD-4081-927F-8D37A26454DA} = {7832098D-744E-4CC6-B509-B047FB6B63F0}
		{32A0058E-B25E-406D-90D6-672DA967D170} = {99D442FE-D847-42E6-B3F4-1FCEE8148916}
		{4A3DF1DD-947A-4419-802D-FD525AA6459A} = {92C62BB3-5CC1-4716-B135-6B3B7C4A1992}
		{7832098D-744E-4CC6-B509-B047FB6B63F0} = {92C62BB3-5CC1-4716-B135-6B3B7C4A1992}
		{9C8B6AD4-6513-4E90-907F-BB7D6D825B28} = {92C62BB3-5CC1-4716-B135-6B3B7C4A1992}
		{F8EE6B1E-E358-4350-9234-647A1BDC9157} = {4A3DF1DD-947A-4419-802D-FD525AA6459A}
		{B827DAD7-545B-4FE8-AAF9-92754801E660} = {31EC1043-7C75-4E4D-AD46-4AE0495B2F18}
		{31EC1043-7C75-4E4D-AD46-4AE0495B2F18} = {92C62BB3-5CC1-4716-B135-6B3B7C4A1992}
		{42BBEF61-C81F-403B-B214-3B01E4738EA1} = {31EC1043-7C75-4E4D-AD46-4AE0495B2F18}
		{084E58AC-9ED1-428F-8F9E-38DF5573E19A} = {31EC1043-7C75-4E4D-AD46-4AE0495B2F18}
		{AE5B897E-A837-4A7B-A48E-104FFCFF473E} = {92C62BB3-5CC1-4716-B135-6B3B7C4A1992}
		{00F326B6-1C44-4D70-8F1D-B9E8378131A3} = {AE5B897E-A837-4A7B-A48E-104FFCFF473E}
	EndGlobalSection
	GlobalSection(ExtensibilityGlobals) = postSolution
		SolutionGuid = {6153578C-9FDA-48B8-8756-14271318ABAA}
	EndGlobalSection
EndGlobal
