
Microsoft Visual Studio Solution File, Format Version 12.00
# Visual Studio Version 17
VisualStudioVersion = 17.5.2.0
MinimumVisualStudioVersion = 10.0.40219.1
Project("{FAE04EC0-301F-11D3-BF4B-00C04F79EFBC}") = "雷赛DMC2410控制卡基础功能", "雷赛DMC2410控制卡基础功能.csproj", "{951847E8-5418-DFCD-B488-6690F7F6AC2D}"
EndProject
Global
	GlobalSection(SolutionConfigurationPlatforms) = preSolution
		Debug|Any CPU = Debug|Any CPU
		Release|Any CPU = Release|Any CPU
	EndGlobalSection
	GlobalSection(ProjectConfigurationPlatforms) = postSolution
		{951847E8-5418-DFCD-B488-6690F7F6AC2D}.Debug|Any CPU.ActiveCfg = Debug|Any CPU
		{951847E8-5418-DFCD-B488-6690F7F6AC2D}.Debug|Any CPU.Build.0 = Debug|Any CPU
		{951847E8-5418-DFCD-B488-6690F7F6AC2D}.Release|Any CPU.ActiveCfg = Release|Any CPU
		{951847E8-5418-DFCD-B488-6690F7F6AC2D}.Release|Any CPU.Build.0 = Release|Any CPU
	EndGlobalSection
	GlobalSection(SolutionProperties) = preSolution
		HideSolutionNode = FALSE
	EndGlobalSection
	GlobalSection(ExtensibilityGlobals) = postSolution
		SolutionGuid = {3ABDD404-C330-41A0-B778-1EA319048F06}
	EndGlobalSection
EndGlobal
