Microsoft Visual Studio Solution File, Format Version 12.00
# Visual Studio Version 17
VisualStudioVersion = 17.5.2.0
MinimumVisualStudioVersion = 10.0.40219.1
Project("{FAE04EC0-301F-11D3-BF4B-00C04F79EFBC}") = "PanelSeparationMachineV1.26", "PanelSeparationMachineV1.26.csproj", "{A856AD1E-DE4C-207A-AB0B-F103CF07F102}"
EndProject
Global
	GlobalSection(SolutionConfigurationPlatforms) = preSolution
		Debug|Any CPU = Debug|Any CPU
		Release|Any CPU = Release|Any CPU
	EndGlobalSection
	GlobalSection(ProjectConfigurationPlatforms) = postSolution
		{A856AD1E-DE4C-207A-AB0B-F103CF07F102}.Debug|Any CPU.ActiveCfg = Debug|Any CPU
		{A856AD1E-DE4C-207A-AB0B-F103CF07F102}.Debug|Any CPU.Build.0 = Debug|Any CPU
		{A856AD1E-DE4C-207A-AB0B-F103CF07F102}.Release|Any CPU.ActiveCfg = Release|Any CPU
		{A856AD1E-DE4C-207A-AB0B-F103CF07F102}.Release|Any CPU.Build.0 = Release|Any CPU
	EndGlobalSection
	GlobalSection(SolutionProperties) = preSolution
		HideSolutionNode = FALSE
	EndGlobalSection
	GlobalSection(ExtensibilityGlobals) = postSolution
		SolutionGuid = {45887A1E-592B-4175-9F0D-BE29129197FA}
	EndGlobalSection
EndGlobal
